{
  "name": "thegreatsuspender",
  "version": "0.0.0",
  "lockfileVersion": 1,
  "requires": true,
  "dependencies": {
    "prettier": {
      "version": "1.13.7",
      "resolved": "https://registry.npmjs.org/prettier/-/prettier-1.13.7.tgz",
      "integrity": "sha512-KIU72UmYPGk4MujZGYMFwinB7lOf2LsDNGSOC8ufevsrPLISrZbNJlWstRi3m0AMuszbH+EFSQ/r6w56RSPK6w==",
      "dev": true
    }
  }
}
